// !$*UTF8*$!
{
	archiveVersion = 1;
	classes = {
	};
	objectVersion = 50;
	objects = {

/* Begin PBXBuildFile section */
		824BD97626C5A7300029BFD2 /* Auer_NotesApp.swift in Sources */ = {isa = PBXBuildFile; fileRef = 824BD97526C5A7300029BFD2 /* Auer_NotesApp.swift */; };
		824BD97826C5A7300029BFD2 /* ContentView.swift in Sources */ = {isa = PBXBuildFile; fileRef = 824BD97726C5A7300029BFD2 /* ContentView.swift */; };
		824BD97A26C5A7310029BFD2 /* Assets.xcassets in Resources */ = {isa = PBXBuildFile; fileRef = 824BD97926C5A7310029BFD2 /* Assets.xcassets */; };
		824BD97D26C5A7310029BFD2 /* Preview Assets.xcassets in Resources */ = {isa = PBXBuildFile; fileRef = 824BD97C26C5A7310029BFD2 /* Preview Assets.xcassets */; };
		8258448326E15C4B00ED0CAD /* FileFunctions.swift in Sources */ = {isa = PBXBuildFile; fileRef = 8258448226E15C4B00ED0CAD /* FileFunctions.swift */; };
		8258448526E77C9300ED0CAD /* Debounce.swift in Sources */ = {isa = PBXBuildFile; fileRef = 8258448426E77C9300ED0CAD /* Debounce.swift */; };
		82A53C4426CDAEAD0067850A /* SettingsView.swift in Sources */ = {isa = PBXBuildFile; fileRef = 82A53C4326CDAEAD0067850A /* SettingsView.swift */; };
/* End PBXBuildFile section */

/* Begin PBXFileReference section */
		824BD97226C5A7300029BFD2 /* Auer Notes.app */ = {isa = PBXFileReference; explicitFileType = wrapper.application; includeInIndex = 0; path = "Auer Notes.app"; sourceTree = BUILT_PRODUCTS_DIR; };
		824BD97526C5A7300029BFD2 /* Auer_NotesApp.swift */ = {isa = PBXFileReference; lastKnownFileType = sourcecode.swift; path = Auer_NotesApp.swift; sourceTree = "<group>"; };
		824BD97726C5A7300029BFD2 /* ContentView.swift */ = {isa = PBXFileReference; lastKnownFileType = sourcecode.swift; path = ContentView.swift; sourceTree = "<group>"; };
		824BD97926C5A7310029BFD2 /* Assets.xcassets */ = {isa = PBXFileReference; lastKnownFileType = folder.assetcatalog; path = Assets.xcassets; sourceTree = "<group>"; };
		824BD97C26C5A7310029BFD2 /* Preview Assets.xcassets */ = {isa = PBXFileReference; lastKnownFileType = folder.assetcatalog; path = "Preview Assets.xcassets"; sourceTree = "<group>"; };
		824BD97E26C5A7310029BFD2 /* Info.plist */ = {isa = PBXFileReference; lastKnownFileType = text.plist.xml; path = Info.plist; sourceTree = "<group>"; };
		824BD97F26C5A7310029BFD2 /* Auer_Notes.entitlements */ = {isa = PBXFileReference; lastKnownFileType = text.plist.entitlements; path = Auer_Notes.entitlements; sourceTree = "<group>"; };
		8258448226E15C4B00ED0CAD /* FileFunctions.swift */ = {isa = PBXFileReference; lastKnownFileType = sourcecode.swift; path = FileFunctions.swift; sourceTree = "<group>"; };
		8258448426E77C9300ED0CAD /* Debounce.swift */ = {isa = PBXFileReference; lastKnownFileType = sourcecode.swift; path = Debounce.swift; sourceTree = "<group>"; };
		82A53C4326CDAEAD0067850A /* SettingsView.swift */ = {isa = PBXFileReference; lastKnownFileType = sourcecode.swift; path = SettingsView.swift; sourceTree = "<group>"; };
/* End PBXFileReference section */

/* Begin PBXFrameworksBuildPhase section */
		824BD96F26C5A7300029BFD2 /* Frameworks */ = {
			isa = PBXFrameworksBuildPhase;
			buildActionMask = 2147483647;
			files = (
			);
			runOnlyForDeploymentPostprocessing = 0;
		};
/* End PBXFrameworksBuildPhase section */

/* Begin PBXGroup section */
		824BD96926C5A7300029BFD2 = {
			isa = PBXGroup;
			children = (
				824BD97426C5A7300029BFD2 /* Auer Notes */,
				824BD97326C5A7300029BFD2 /* Products */,
			);
			sourceTree = "<group>";
		};
		824BD97326C5A7300029BFD2 /* Products */ = {
			isa = PBXGroup;
			children = (
				824BD97226C5A7300029BFD2 /* Auer Notes.app */,
			);
			name = Products;
			sourceTree = "<group>";
		};
		824BD97426C5A7300029BFD2 /* Auer Notes */ = {
			isa = PBXGroup;
			children = (
				824BD97526C5A7300029BFD2 /* Auer_NotesApp.swift */,
				82A53C4326CDAEAD0067850A /* SettingsView.swift */,
				824BD97726C5A7300029BFD2 /* ContentView.swift */,
				8258448226E15C4B00ED0CAD /* FileFunctions.swift */,
				8258448426E77C9300ED0CAD /* Debounce.swift */,
				824BD97926C5A7310029BFD2 /* Assets.xcassets */,
				824BD97E26C5A7310029BFD2 /* Info.plist */,
				824BD97F26C5A7310029BFD2 /* Auer_Notes.entitlements */,
				824BD97B26C5A7310029BFD2 /* Preview Content */,
			);
			path = "Auer Notes";
			sourceTree = "<group>";
		};
		824BD97B26C5A7310029BFD2 /* Preview Content */ = {
			isa = PBXGroup;
			children = (
				824BD97C26C5A7310029BFD2 /* Preview Assets.xcassets */,
			);
			path = "Preview Content";
			sourceTree = "<group>";
		};
/* End PBXGroup section */

/* Begin PBXNativeTarget section */
		824BD97126C5A7300029BFD2 /* Auer Notes */ = {
			isa = PBXNativeTarget;
			buildConfigurationList = 824BD98226C5A7310029BFD2 /* Build configuration list for PBXNativeTarget "Auer Notes" */;
			buildPhases = (
				824BD96E26C5A7300029BFD2 /* Sources */,
				824BD96F26C5A7300029BFD2 /* Frameworks */,
				824BD97026C5A7300029BFD2 /* Resources */,
			);
			buildRules = (
			);
			dependencies = (
			);
			name = "Auer Notes";
			productName = "Auer Notes";
			productReference = 824BD97226C5A7300029BFD2 /* Auer Notes.app */;
			productType = "com.apple.product-type.application";
		};
/* End PBXNativeTarget section */

/* Begin PBXProject section */
		824BD96A26C5A7300029BFD2 /* Project object */ = {
			isa = PBXProject;
			attributes = {
				LastSwiftUpdateCheck = 1250;
				LastUpgradeCheck = 1420;
				TargetAttributes = {
					824BD97126C5A7300029BFD2 = {
						CreatedOnToolsVersion = 12.5.1;
					};
				};
			};
			buildConfigurationList = 824BD96D26C5A7300029BFD2 /* Build configuration list for PBXProject "Auer Notes" */;
			compatibilityVersion = "Xcode 9.3";
			developmentRegion = en;
			hasScannedForEncodings = 0;
			knownRegions = (
				en,
				Base,
			);
			mainGroup = 824BD96926C5A7300029BFD2;
			productRefGroup = 824BD97326C5A7300029BFD2 /* Products */;
			projectDirPath = "";
			projectRoot = "";
			targets = (
				824BD97126C5A7300029BFD2 /* Auer Notes */,
			);
		};
/* End PBXProject section */

/* Begin PBXResourcesBuildPhase section */
		824BD97026C5A7300029BFD2 /* Resources */ = {
			isa = PBXResourcesBuildPhase;
			buildActionMask = 2147483647;
			files = (
				824BD97D26C5A7310029BFD2 /* Preview Assets.xcassets in Resources */,
				824BD97A26C5A7310029BFD2 /* Assets.xcassets in Resources */,
			);
			runOnlyForDeploymentPostprocessing = 0;
		};
/* End PBXResourcesBuildPhase section */

/* Begin PBXSourcesBuildPhase section */
		824BD96E26C5A7300029BFD2 /* Sources */ = {
			isa = PBXSourcesBuildPhase;
			buildActionMask = 2147483647;
			files = (
				82A53C4426CDAEAD0067850A /* SettingsView.swift in Sources */,
				824BD97826C5A7300029BFD2 /* ContentView.swift in Sources */,
				824BD97626C5A7300029BFD2 /* Auer_NotesApp.swift in Sources */,
				8258448326E15C4B00ED0CAD /* FileFunctions.swift in Sources */,
				8258448526E77C9300ED0CAD /* Debounce.swift in Sources */,
			);
			runOnlyForDeploymentPostprocessing = 0;
		};
/* End PBXSourcesBuildPhase section */

/* Begin XCBuildConfiguration section */
		824BD98026C5A7310029BFD2 /* Debug */ = {
			isa = XCBuildConfiguration;
			buildSettings = {
				ALWAYS_SEARCH_USER_PATHS = NO;
				CLANG_ANALYZER_NONNULL = YES;
				CLANG_ANALYZER_NUMBER_OBJECT_CONVERSION = YES_AGGRESSIVE;
				CLANG_CXX_LANGUAGE_STANDARD = "gnu++14";
				CLANG_CXX_LIBRARY = "libc++";
				CLANG_ENABLE_MODULES = YES;
				CLANG_ENABLE_OBJC_ARC = YES;
				CLANG_ENABLE_OBJC_WEAK = YES;
				CLANG_WARN_BLOCK_CAPTURE_AUTORELEASING = YES;
				CLANG_WARN_BOOL_CONVERSION = YES;
				CLANG_WARN_COMMA = YES;
				CLANG_WARN_CONSTANT_CONVERSION = YES;
				CLANG_WARN_DEPRECATED_OBJC_IMPLEMENTATIONS = YES;
				CLANG_WARN_DIRECT_OBJC_ISA_USAGE = YES_ERROR;
				CLANG_WARN_DOCUMENTATION_COMMENTS = YES;
				CLANG_WARN_EMPTY_BODY = YES;
				CLANG_WARN_ENUM_CONVERSION = YES;
				CLANG_WARN_INFINITE_RECURSION = YES;
				CLANG_WARN_INT_CONVERSION = YES;
				CLANG_WARN_NON_LITERAL_NULL_CONVERSION = YES;
				CLANG_WARN_OBJC_IMPLICIT_RETAIN_SELF = YES;
				CLANG_WARN_OBJC_LITERAL_CONVERSION = YES;
				CLANG_WARN_OBJC_ROOT_CLASS = YES_ERROR;
				CLANG_WARN_QUOTED_INCLUDE_IN_FRAMEWORK_HEADER = YES;
				CLANG_WARN_RANGE_LOOP_ANALYSIS = YES;
				CLANG_WARN_STRICT_PROTOTYPES = YES;
				CLANG_WARN_SUSPICIOUS_MOVE = YES;
				CLANG_WARN_UNGUARDED_AVAILABILITY = YES_AGGRESSIVE;
				CLANG_WARN_UNREACHABLE_CODE = YES;
				CLANG_WARN__DUPLICATE_METHOD_MATCH = YES;
				COPY_PHASE_STRIP = NO;
				DEAD_CODE_STRIPPING = YES;
				DEBUG_INFORMATION_FORMAT = dwarf;
				ENABLE_STRICT_OBJC_MSGSEND = YES;
				ENABLE_TESTABILITY = YES;
				GCC_C_LANGUAGE_STANDARD = gnu11;
				GCC_DYNAMIC_NO_PIC = NO;
				GCC_NO_COMMON_BLOCKS = YES;
				GCC_OPTIMIZATION_LEVEL = 0;
				GCC_PREPROCESSOR_DEFINITIONS = (
					"DEBUG=1",
					"$(inherited)",
				);
				GCC_WARN_64_TO_32_BIT_CONVERSION = YES;
				GCC_WARN_ABOUT_RETURN_TYPE = YES_ERROR;
				GCC_WARN_UNDECLARED_SELECTOR = YES;
				GCC_WARN_UNINITIALIZED_AUTOS = YES_AGGRESSIVE;
				GCC_WARN_UNUSED_FUNCTION = YES;
				GCC_WARN_UNUSED_VARIABLE = YES;
				MACOSX_DEPLOYMENT_TARGET = 13.1;
				MTL_ENABLE_DEBUG_INFO = INCLUDE_SOURCE;
				MTL_FAST_MATH = YES;
				ONLY_ACTIVE_ARCH = YES;
				SDKROOT = macosx;
				SWIFT_ACTIVE_COMPILATION_CONDITIONS = DEBUG;
				SWIFT_OPTIMIZATION_LEVEL = "-Onone";
			};
			name = Debug;
		};
		824BD98126C5A7310029BFD2 /* Release */ = {
			isa = XCBuildConfiguration;
			buildSettings = {
				ALWAYS_SEARCH_USER_PATHS = NO;
				CLANG_ANALYZER_NONNULL = YES;
				CLANG_ANALYZER_NUMBER_OBJECT_CONVERSION = YES_AGGRESSIVE;
				CLANG_CXX_LANGUAGE_STANDARD = "gnu++14";
				CLANG_CXX_LIBRARY = "libc++";
				CLANG_ENABLE_MODULES = YES;
				CLANG_ENABLE_OBJC_ARC = YES;
				CLANG_ENABLE_OBJC_WEAK = YES;
				CLANG_WARN_BLOCK_CAPTURE_AUTORELEASING = YES;
				CLANG_WARN_BOOL_CONVERSION = YES;
				CLANG_WARN_COMMA = YES;
				CLANG_WARN_CONSTANT_CONVERSION = YES;
				CLANG_WARN_DEPRECATED_OBJC_IMPLEMENTATIONS = YES;
				CLANG_WARN_DIRECT_OBJC_ISA_USAGE = YES_ERROR;
				CLANG_WARN_DOCUMENTATION_COMMENTS = YES;
				CLANG_WARN_EMPTY_BODY = YES;
				CLANG_WARN_ENUM_CONVERSION = YES;
				CLANG_WARN_INFINITE_RECURSION = YES;
				CLANG_WARN_INT_CONVERSION = YES;
				CLANG_WARN_NON_LITERAL_NULL_CONVERSION = YES;
				CLANG_WARN_OBJC_IMPLICIT_RETAIN_SELF = YES;
				CLANG_WARN_OBJC_LITERAL_CONVERSION = YES;
				CLANG_WARN_OBJC_ROOT_CLASS = YES_ERROR;
				CLANG_WARN_QUOTED_INCLUDE_IN_FRAMEWORK_HEADER = YES;
				CLANG_WARN_RANGE_LOOP_ANALYSIS = YES;
				CLANG_WARN_STRICT_PROTOTYPES = YES;
				CLANG_WARN_SUSPICIOUS_MOVE = YES;
				CLANG_WARN_UNGUARDED_AVAILABILITY = YES_AGGRESSIVE;
				CLANG_WARN_UNREACHABLE_CODE = YES;
				CLANG_WARN__DUPLICATE_METHOD_MATCH = YES;
				COPY_PHASE_STRIP = NO;
				DEAD_CODE_STRIPPING = YES;
				DEBUG_INFORMATION_FORMAT = "dwarf-with-dsym";
				ENABLE_NS_ASSERTIONS = NO;
				ENABLE_STRICT_OBJC_MSGSEND = YES;
				GCC_C_LANGUAGE_STANDARD = gnu11;
				GCC_NO_COMMON_BLOCKS = YES;
				GCC_WARN_64_TO_32_BIT_CONVERSION = YES;
				GCC_WARN_ABOUT_RETURN_TYPE = YES_ERROR;
				GCC_WARN_UNDECLARED_SELECTOR = YES;
				GCC_WARN_UNINITIALIZED_AUTOS = YES_AGGRESSIVE;
				GCC_WARN_UNUSED_FUNCTION = YES;
				GCC_WARN_UNUSED_VARIABLE = YES;
				MACOSX_DEPLOYMENT_TARGET = 13.1;
				MTL_ENABLE_DEBUG_INFO = NO;
				MTL_FAST_MATH = YES;
				SDKROOT = macosx;
				SWIFT_COMPILATION_MODE = wholemodule;
				SWIFT_OPTIMIZATION_LEVEL = "-O";
			};
			name = Release;
		};
		824BD98326C5A7310029BFD2 /* Debug */ = {
			isa = XCBuildConfiguration;
			buildSettings = {
				ASSETCATALOG_COMPILER_APPICON_NAME = AppIcon;
				ASSETCATALOG_COMPILER_GLOBAL_ACCENT_COLOR_NAME = AccentColor;
				CODE_SIGN_ENTITLEMENTS = "Auer Notes/Auer_Notes.entitlements";
				CODE_SIGN_IDENTITY = "-";
				CODE_SIGN_STYLE = Automatic;
				COMBINE_HIDPI_IMAGES = YES;
				CURRENT_PROJECT_VERSION = 1;
				DEAD_CODE_STRIPPING = YES;
				DEVELOPMENT_ASSET_PATHS = "\"Auer Notes/Preview Content\"";
				DEVELOPMENT_TEAM = S6PF4R2N9G;
				ENABLE_HARDENED_RUNTIME = YES;
				ENABLE_PREVIEWS = YES;
				INFOPLIST_FILE = "Auer Notes/Info.plist";
				INFOPLIST_KEY_LSApplicationCategoryType = "public.app-category.productivity";
				LD_RUNPATH_SEARCH_PATHS = (
					"$(inherited)",
					"@executable_path/../Frameworks",
				);
				MACOSX_DEPLOYMENT_TARGET = 13.3;
				MARKETING_VERSION = "1.0.4β";
				PRODUCT_BUNDLE_IDENTIFIER = com.auernotes.auernotes;
				PRODUCT_NAME = "$(TARGET_NAME)";
				SWIFT_VERSION = 5.0;
			};
			name = Debug;
		};
		824BD98426C5A7310029BFD2 /* Release */ = {
			isa = XCBuildConfiguration;
			buildSettings = {
				ASSETCATALOG_COMPILER_APPICON_NAME = AppIcon;
				ASSETCATALOG_COMPILER_GLOBAL_ACCENT_COLOR_NAME = AccentColor;
				CODE_SIGN_ENTITLEMENTS = "Auer Notes/Auer_Notes.entitlements";
				CODE_SIGN_IDENTITY = "-";
				CODE_SIGN_STYLE = Automatic;
				COMBINE_HIDPI_IMAGES = YES;
				CURRENT_PROJECT_VERSION = 1;
				DEAD_CODE_STRIPPING = YES;
				DEVELOPMENT_ASSET_PATHS = "\"Auer Notes/Preview Content\"";
				DEVELOPMENT_TEAM = S6PF4R2N9G;
				ENABLE_HARDENED_RUNTIME = YES;
				ENABLE_PREVIEWS = YES;
				INFOPLIST_FILE = "Auer Notes/Info.plist";
				INFOPLIST_KEY_LSApplicationCategoryType = "public.app-category.productivity";
				LD_RUNPATH_SEARCH_PATHS = (
					"$(inherited)",
					"@executable_path/../Frameworks",
				);
				MACOSX_DEPLOYMENT_TARGET = 13.3;
				MARKETING_VERSION = "1.0.4β";
				PRODUCT_BUNDLE_IDENTIFIER = com.auernotes.auernotes;
				PRODUCT_NAME = "$(TARGET_NAME)";
				SWIFT_VERSION = 5.0;
			};
			name = Release;
		};
/* End XCBuildConfiguration section */

/* Begin XCConfigurationList section */
		824BD96D26C5A7300029BFD2 /* Build configuration list for PBXProject "Auer Notes" */ = {
			isa = XCConfigurationList;
			buildConfigurations = (
				824BD98026C5A7310029BFD2 /* Debug */,
				824BD98126C5A7310029BFD2 /* Release */,
			);
			defaultConfigurationIsVisible = 0;
			defaultConfigurationName = Release;
		};
		824BD98226C5A7310029BFD2 /* Build configuration list for PBXNativeTarget "Auer Notes" */ = {
			isa = XCConfigurationList;
			buildConfigurations = (
				824BD98326C5A7310029BFD2 /* Debug */,
				824BD98426C5A7310029BFD2 /* Release */,
			);
			defaultConfigurationIsVisible = 0;
			defaultConfigurationName = Release;
		};
/* End XCConfigurationList section */
	};
	rootObject = 824BD96A26C5A7300029BFD2 /* Project object */;
}
